
Microsoft Visual Studio Solution File, Format Version 12.00
# Visual Studio Version 16
VisualStudioVersion = 16.0.31019.35
MinimumVisualStudioVersion = 10.0.40219.1
Project("{FAE04EC0-301F-11D3-BF4B-00C04F79EFBC}") = "Kamishiro.Utils.NetStandard", "Kamishiro.Utils.NetStandard\Kamishiro.Utils.NetStandard.csproj", "{61ED5729-0591-4985-99B0-1497D1F1986C}"
EndProject
Global
	GlobalSection(SolutionConfigurationPlatforms) = preSolution
		Debug|Any CPU = Debug|Any CPU
		Release|Any CPU = Release|Any CPU
	EndGlobalSection
	GlobalSection(ProjectConfigurationPlatforms) = postSolution
		{61ED5729-0591-4985-99B0-1497D1F1986C}.Debug|Any CPU.ActiveCfg = Debug|Any CPU
		{61ED5729-0591-4985-99B0-1497D1F1986C}.Debug|Any CPU.Build.0 = Debug|Any CPU
		{61ED5729-0591-4985-99B0-1497D1F1986C}.Release|Any CPU.ActiveCfg = Release|Any CPU
		{61ED5729-0591-4985-99B0-1497D1F1986C}.Release|Any CPU.Build.0 = Release|Any CPU
	EndGlobalSection
	GlobalSection(SolutionProperties) = preSolution
		HideSolutionNode = FALSE
	EndGlobalSection
	GlobalSection(ExtensibilityGlobals) = postSolution
		SolutionGuid = {E349D586-07DE-45D0-B113-F19BACCC660E}
	EndGlobalSection
EndGlobal
